
Microsoft Visual Studio Solution File, Format Version 12.00
# Visual Studio Version 17
VisualStudioVersion = 17.3.32922.545
MinimumVisualStudioVersion = 10.0.40219.1
Project("{FAE04EC0-301F-11D3-BF4B-00C04F79EFBC}") = "task4", "task4.csproj", "{C624B0A7-2294-4A0E-BAF3-8BF27C8CC4F0}"
EndProject
Global
	GlobalSection(SolutionConfigurationPlatforms) = preSolution
		Debug|Any CPU = Debug|Any CPU
		Release|Any CPU = Release|Any CPU
	EndGlobalSection
	GlobalSection(ProjectConfigurationPlatforms) = postSolution
		{C624B0A7-2294-4A0E-BAF3-8BF27C8CC4F0}.Debug|Any CPU.ActiveCfg = Debug|Any CPU
		{C624B0A7-2294-4A0E-BAF3-8BF27C8CC4F0}.Debug|Any CPU.Build.0 = Debug|Any CPU
		{C624B0A7-2294-4A0E-BAF3-8BF27C8CC4F0}.Release|Any CPU.ActiveCfg = Release|Any CPU
		{C624B0A7-2294-4A0E-BAF3-8BF27C8CC4F0}.Release|Any CPU.Build.0 = Release|Any CPU
	EndGlobalSection
	GlobalSection(SolutionProperties) = preSolution
		HideSolutionNode = FALSE
	EndGlobalSection
	GlobalSection(ExtensibilityGlobals) = postSolution
		SolutionGuid = {B0390CD1-D9A0-4D62-8575-EC42DFB7EEF8}
	EndGlobalSection
EndGlobal
