
Microsoft Visual Studio Solution File, Format Version 12.00
# Visual Studio Version 17
VisualStudioVersion = 17.3.32819.101
MinimumVisualStudioVersion = 10.0.40219.1
Project("{FAE04EC0-301F-11D3-BF4B-00C04F79EFBC}") = "task2", "task2.csproj", "{43B19BE9-748E-4D93-83C8-FDD78E160779}"
EndProject
Global
	GlobalSection(SolutionConfigurationPlatforms) = preSolution
		Debug|Any CPU = Debug|Any CPU
		Release|Any CPU = Release|Any CPU
	EndGlobalSection
	GlobalSection(ProjectConfigurationPlatforms) = postSolution
		{43B19BE9-748E-4D93-83C8-FDD78E160779}.Debug|Any CPU.ActiveCfg = Debug|Any CPU
		{43B19BE9-748E-4D93-83C8-FDD78E160779}.Debug|Any CPU.Build.0 = Debug|Any CPU
		{43B19BE9-748E-4D93-83C8-FDD78E160779}.Release|Any CPU.ActiveCfg = Release|Any CPU
		{43B19BE9-748E-4D93-83C8-FDD78E160779}.Release|Any CPU.Build.0 = Release|Any CPU
	EndGlobalSection
	GlobalSection(SolutionProperties) = preSolution
		HideSolutionNode = FALSE
	EndGlobalSection
	GlobalSection(ExtensibilityGlobals) = postSolution
		SolutionGuid = {3C1F6F5B-1C66-4565-BE2B-B64A70BD75DD}
	EndGlobalSection
EndGlobal
